
Microsoft Visual Studio Solution File, Format Version 12.00
Project("{FAE04EC0-301F-11D3-BF4B-00C04F79EFBC}") = "SharpDB", "SharpDB\SharpDB.csproj", "{80BAF1A9-D7CB-4024-88AC-310161403949}"
EndProject
Project("{FAE04EC0-301F-11D3-BF4B-00C04F79EFBC}") = "SharpDB.Benchmark", "SharpDB.Benchmark\SharpDB.Benchmark.csproj", "{B5C2E8A1-3F4D-4C29-9A7E-5D6F8C7B4E2A}"
EndProject
Project("{FAE04EC0-301F-11D3-BF4B-00C04F79EFBC}") = "SharpDB.Tests", "SharpDB.Tests\SharpDB.Tests.csproj", "{FC633986-0876-4E11-B5BF-C1230D0F79A6}"
EndProject
Project("{2150E333-8FDC-42A3-9474-1A3956D46DE8}") = "src", "src", "{827E0CD3-B72D-47B6-A68D-7590B98EB39B}"
EndProject
Project("{FAE04EC0-301F-11D3-BF4B-00C04F79EFBC}") = "SharpDB.V2.Engine", "src\SharpDB.V2.Engine\SharpDB.V2.Engine.csproj", "{728CE373-D992-4B7A-B1A2-2C8CE09BCED8}"
EndProject
Project("{FAE04EC0-301F-11D3-BF4B-00C04F79EFBC}") = "SharpDB.V2.Infrastructure", "src\SharpDB.V2.Infrastructure\SharpDB.V2.Infrastructure.csproj", "{A7029DAC-03AC-470B-B3B5-9BD9C691E898}"
EndProject
Project("{FAE04EC0-301F-11D3-BF4B-00C04F79EFBC}") = "SharpDB.V2", "src\SharpDB.V2\SharpDB.V2.csproj", "{2F988DB2-208F-4A13-97B4-E9ED3474A796}"
EndProject
Project("{FAE04EC0-301F-11D3-BF4B-00C04F79EFBC}") = "SharpDB.V2.Sql", "src\SharpDB.V2.Sql\SharpDB.V2.Sql.csproj", "{28EB9E7B-E14B-4C98-BD2D-E39A6FB1A49C}"
EndProject
Project("{FAE04EC0-301F-11D3-BF4B-00C04F79EFBC}") = "SharpDB.V2.Server", "src\SharpDB.V2.Server\SharpDB.V2.Server.csproj", "{43778D36-A09F-4741-8A11-B00FBE100435}"
EndProject
Project("{2150E333-8FDC-42A3-9474-1A3956D46DE8}") = "tests", "tests", "{0AB3BF05-4346-4AA6-1389-037BE0695223}"
EndProject
Project("{FAE04EC0-301F-11D3-BF4B-00C04F79EFBC}") = "SharpDB.V2.Tests", "tests\SharpDB.V2.Tests\SharpDB.V2.Tests.csproj", "{5452A439-1226-40C8-BBDA-D9A0979D5EFB}"
EndProject
Project("{FAE04EC0-301F-11D3-BF4B-00C04F79EFBC}") = "SharpDB.V2.Sql.Tests", "tests\SharpDB.V2.Sql.Tests\SharpDB.V2.Sql.Tests.csproj", "{A7038E4F-6C07-4105-809E-B2A6AB2A111B}"
EndProject
Project("{FAE04EC0-301F-11D3-BF4B-00C04F79EFBC}") = "SharpDB.V2.Server.Tests", "tests\SharpDB.V2.Server.Tests\SharpDB.V2.Server.Tests.csproj", "{34DA836D-8F85-469A-BF7A-55F22BB1FB4A}"
EndProject
Project("{FAE04EC0-301F-11D3-BF4B-00C04F79EFBC}") = "SharpDB.V2.Benchmarks", "tests\SharpDB.V2.Benchmarks\SharpDB.V2.Benchmarks.csproj", "{276763BD-27E9-4E7A-B9BB-9DB0252333C2}"
EndProject
Global
	GlobalSection(SolutionConfigurationPlatforms) = preSolution
		Debug|Any CPU = Debug|Any CPU
		Debug|x64 = Debug|x64
		Debug|x86 = Debug|x86
		Release|Any CPU = Release|Any CPU
		Release|x64 = Release|x64
		Release|x86 = Release|x86
	EndGlobalSection
	GlobalSection(ProjectConfigurationPlatforms) = postSolution
		{80BAF1A9-D7CB-4024-88AC-310161403949}.Debug|Any CPU.ActiveCfg = Debug|Any CPU
		{80BAF1A9-D7CB-4024-88AC-310161403949}.Debug|Any CPU.Build.0 = Debug|Any CPU
		{80BAF1A9-D7CB-4024-88AC-310161403949}.Debug|x64.ActiveCfg = Debug|Any CPU
		{80BAF1A9-D7CB-4024-88AC-310161403949}.Debug|x64.Build.0 = Debug|Any CPU
		{80BAF1A9-D7CB-4024-88AC-310161403949}.Debug|x86.ActiveCfg = Debug|Any CPU
		{80BAF1A9-D7CB-4024-88AC-310161403949}.Debug|x86.Build.0 = Debug|Any CPU
		{80BAF1A9-D7CB-4024-88AC-310161403949}.Release|Any CPU.ActiveCfg = Release|Any CPU
		{80BAF1A9-D7CB-4024-88AC-310161403949}.Release|Any CPU.Build.0 = Release|Any CPU
		{80BAF1A9-D7CB-4024-88AC-310161403949}.Release|x64.ActiveCfg = Release|Any CPU
		{80BAF1A9-D7CB-4024-88AC-310161403949}.Release|x64.Build.0 = Release|Any CPU
		{80BAF1A9-D7CB-4024-88AC-310161403949}.Release|x86.ActiveCfg = Release|Any CPU
		{80BAF1A9-D7CB-4024-88AC-310161403949}.Release|x86.Build.0 = Release|Any CPU
		{B5C2E8A1-3F4D-4C29-9A7E-5D6F8C7B4E2A}.Debug|Any CPU.ActiveCfg = Debug|Any CPU
		{B5C2E8A1-3F4D-4C29-9A7E-5D6F8C7B4E2A}.Debug|Any CPU.Build.0 = Debug|Any CPU
		{B5C2E8A1-3F4D-4C29-9A7E-5D6F8C7B4E2A}.Debug|x64.ActiveCfg = Debug|Any CPU
		{B5C2E8A1-3F4D-4C29-9A7E-5D6F8C7B4E2A}.Debug|x64.Build.0 = Debug|Any CPU
		{B5C2E8A1-3F4D-4C29-9A7E-5D6F8C7B4E2A}.Debug|x86.ActiveCfg = Debug|Any CPU
		{B5C2E8A1-3F4D-4C29-9A7E-5D6F8C7B4E2A}.Debug|x86.Build.0 = Debug|Any CPU
		{B5C2E8A1-3F4D-4C29-9A7E-5D6F8C7B4E2A}.Release|Any CPU.ActiveCfg = Release|Any CPU
		{B5C2E8A1-3F4D-4C29-9A7E-5D6F8C7B4E2A}.Release|Any CPU.Build.0 = Release|Any CPU
		{B5C2E8A1-3F4D-4C29-9A7E-5D6F8C7B4E2A}.Release|x64.ActiveCfg = Release|Any CPU
		{B5C2E8A1-3F4D-4C29-9A7E-5D6F8C7B4E2A}.Release|x64.Build.0 = Release|Any CPU
		{B5C2E8A1-3F4D-4C29-9A7E-5D6F8C7B4E2A}.Release|x86.ActiveCfg = Release|Any CPU
		{B5C2E8A1-3F4D-4C29-9A7E-5D6F8C7B4E2A}.Release|x86.Build.0 = Release|Any CPU
		{FC633986-0876-4E11-B5BF-C1230D0F79A6}.Debug|Any CPU.ActiveCfg = Debug|Any CPU
		{FC633986-0876-4E11-B5BF-C1230D0F79A6}.Debug|Any CPU.Build.0 = Debug|Any CPU
		{FC633986-0876-4E11-B5BF-C1230D0F79A6}.Debug|x64.ActiveCfg = Debug|Any CPU
		{FC633986-0876-4E11-B5BF-C1230D0F79A6}.Debug|x64.Build.0 = Debug|Any CPU
		{FC633986-0876-4E11-B5BF-C1230D0F79A6}.Debug|x86.ActiveCfg = Debug|Any CPU
		{FC633986-0876-4E11-B5BF-C1230D0F79A6}.Debug|x86.Build.0 = Debug|Any CPU
		{FC633986-0876-4E11-B5BF-C1230D0F79A6}.Release|Any CPU.ActiveCfg = Release|Any CPU
		{FC633986-0876-4E11-B5BF-C1230D0F79A6}.Release|Any CPU.Build.0 = Release|Any CPU
		{FC633986-0876-4E11-B5BF-C1230D0F79A6}.Release|x64.ActiveCfg = Release|Any CPU
		{FC633986-0876-4E11-B5BF-C1230D0F79A6}.Release|x64.Build.0 = Release|Any CPU
		{FC633986-0876-4E11-B5BF-C1230D0F79A6}.Release|x86.ActiveCfg = Release|Any CPU
		{FC633986-0876-4E11-B5BF-C1230D0F79A6}.Release|x86.Build.0 = Release|Any CPU
		{728CE373-D992-4B7A-B1A2-2C8CE09BCED8}.Debug|Any CPU.ActiveCfg = Debug|Any CPU
		{728CE373-D992-4B7A-B1A2-2C8CE09BCED8}.Debug|Any CPU.Build.0 = Debug|Any CPU
		{728CE373-D992-4B7A-B1A2-2C8CE09BCED8}.Debug|x64.ActiveCfg = Debug|Any CPU
		{728CE373-D992-4B7A-B1A2-2C8CE09BCED8}.Debug|x64.Build.0 = Debug|Any CPU
		{728CE373-D992-4B7A-B1A2-2C8CE09BCED8}.Debug|x86.ActiveCfg = Debug|Any CPU
		{728CE373-D992-4B7A-B1A2-2C8CE09BCED8}.Debug|x86.Build.0 = Debug|Any CPU
		{728CE373-D992-4B7A-B1A2-2C8CE09BCED8}.Release|Any CPU.ActiveCfg = Release|Any CPU
		{728CE373-D992-4B7A-B1A2-2C8CE09BCED8}.Release|Any CPU.Build.0 = Release|Any CPU
		{728CE373-D992-4B7A-B1A2-2C8CE09BCED8}.Release|x64.ActiveCfg = Release|Any CPU
		{728CE373-D992-4B7A-B1A2-2C8CE09BCED8}.Release|x64.Build.0 = Release|Any CPU
		{728CE373-D992-4B7A-B1A2-2C8CE09BCED8}.Release|x86.ActiveCfg = Release|Any CPU
		{728CE373-D992-4B7A-B1A2-2C8CE09BCED8}.Release|x86.Build.0 = Release|Any CPU
		{A7029DAC-03AC-470B-B3B5-9BD9C691E898}.Debug|Any CPU.ActiveCfg = Debug|Any CPU
		{A7029DAC-03AC-470B-B3B5-9BD9C691E898}.Debug|Any CPU.Build.0 = Debug|Any CPU
		{A7029DAC-03AC-470B-B3B5-9BD9C691E898}.Debug|x64.ActiveCfg = Debug|Any CPU
		{A7029DAC-03AC-470B-B3B5-9BD9C691E898}.Debug|x64.Build.0 = Debug|Any CPU
		{A7029DAC-03AC-470B-B3B5-9BD9C691E898}.Debug|x86.ActiveCfg = Debug|Any CPU
		{A7029DAC-03AC-470B-B3B5-9BD9C691E898}.Debug|x86.Build.0 = Debug|Any CPU
		{A7029DAC-03AC-470B-B3B5-9BD9C691E898}.Release|Any CPU.ActiveCfg = Release|Any CPU
		{A7029DAC-03AC-470B-B3B5-9BD9C691E898}.Release|Any CPU.Build.0 = Release|Any CPU
		{A7029DAC-03AC-470B-B3B5-9BD9C691E898}.Release|x64.ActiveCfg = Release|Any CPU
		{A7029DAC-03AC-470B-B3B5-9BD9C691E898}.Release|x64.Build.0 = Release|Any CPU
		{A7029DAC-03AC-470B-B3B5-9BD9C691E898}.Release|x86.ActiveCfg = Release|Any CPU
		{A7029DAC-03AC-470B-B3B5-9BD9C691E898}.Release|x86.Build.0 = Release|Any CPU
		{2F988DB2-208F-4A13-97B4-E9ED3474A796}.Debug|Any CPU.ActiveCfg = Debug|Any CPU
		{2F988DB2-208F-4A13-97B4-E9ED3474A796}.Debug|Any CPU.Build.0 = Debug|Any CPU
		{2F988DB2-208F-4A13-97B4-E9ED3474A796}.Debug|x64.ActiveCfg = Debug|Any CPU
		{2F988DB2-208F-4A13-97B4-E9ED3474A796}.Debug|x64.Build.0 = Debug|Any CPU
		{2F988DB2-208F-4A13-97B4-E9ED3474A796}.Debug|x86.ActiveCfg = Debug|Any CPU
		{2F988DB2-208F-4A13-97B4-E9ED3474A796}.Debug|x86.Build.0 = Debug|Any CPU
		{2F988DB2-208F-4A13-97B4-E9ED3474A796}.Release|Any CPU.ActiveCfg = Release|Any CPU
		{2F988DB2-208F-4A13-97B4-E9ED3474A796}.Release|Any CPU.Build.0 = Release|Any CPU
		{2F988DB2-208F-4A13-97B4-E9ED3474A796}.Release|x64.ActiveCfg = Release|Any CPU
		{2F988DB2-208F-4A13-97B4-E9ED3474A796}.Release|x64.Build.0 = Release|Any CPU
		{2F988DB2-208F-4A13-97B4-E9ED3474A796}.Release|x86.ActiveCfg = Release|Any CPU
		{2F988DB2-208F-4A13-97B4-E9ED3474A796}.Release|x86.Build.0 = Release|Any CPU
		{28EB9E7B-E14B-4C98-BD2D-E39A6FB1A49C}.Debug|Any CPU.ActiveCfg = Debug|Any CPU
		{28EB9E7B-E14B-4C98-BD2D-E39A6FB1A49C}.Debug|Any CPU.Build.0 = Debug|Any CPU
		{28EB9E7B-E14B-4C98-BD2D-E39A6FB1A49C}.Debug|x64.ActiveCfg = Debug|Any CPU
		{28EB9E7B-E14B-4C98-BD2D-E39A6FB1A49C}.Debug|x64.Build.0 = Debug|Any CPU
		{28EB9E7B-E14B-4C98-BD2D-E39A6FB1A49C}.Debug|x86.ActiveCfg = Debug|Any CPU
		{28EB9E7B-E14B-4C98-BD2D-E39A6FB1A49C}.Debug|x86.Build.0 = Debug|Any CPU
		{28EB9E7B-E14B-4C98-BD2D-E39A6FB1A49C}.Release|Any CPU.ActiveCfg = Release|Any CPU
		{28EB9E7B-E14B-4C98-BD2D-E39A6FB1A49C}.Release|Any CPU.Build.0 = Release|Any CPU
		{28EB9E7B-E14B-4C98-BD2D-E39A6FB1A49C}.Release|x64.ActiveCfg = Release|Any CPU
		{28EB9E7B-E14B-4C98-BD2D-E39A6FB1A49C}.Release|x64.Build.0 = Release|Any CPU
		{28EB9E7B-E14B-4C98-BD2D-E39A6FB1A49C}.Release|x86.ActiveCfg = Release|Any CPU
		{28EB9E7B-E14B-4C98-BD2D-E39A6FB1A49C}.Release|x86.Build.0 = Release|Any CPU
		{43778D36-A09F-4741-8A11-B00FBE100435}.Debug|Any CPU.ActiveCfg = Debug|Any CPU
		{43778D36-A09F-4741-8A11-B00FBE100435}.Debug|Any CPU.Build.0 = Debug|Any CPU
		{43778D36-A09F-4741-8A11-B00FBE100435}.Debug|x64.ActiveCfg = Debug|Any CPU
		{43778D36-A09F-4741-8A11-B00FBE100435}.Debug|x64.Build.0 = Debug|Any CPU
		{43778D36-A09F-4741-8A11-B00FBE100435}.Debug|x86.ActiveCfg = Debug|Any CPU
		{43778D36-A09F-4741-8A11-B00FBE100435}.Debug|x86.Build.0 = Debug|Any CPU
		{43778D36-A09F-4741-8A11-B00FBE100435}.Release|Any CPU.ActiveCfg = Release|Any CPU
		{43778D36-A09F-4741-8A11-B00FBE100435}.Release|Any CPU.Build.0 = Release|Any CPU
		{43778D36-A09F-4741-8A11-B00FBE100435}.Release|x64.ActiveCfg = Release|Any CPU
		{43778D36-A09F-4741-8A11-B00FBE100435}.Release|x64.Build.0 = Release|Any CPU
		{43778D36-A09F-4741-8A11-B00FBE100435}.Release|x86.ActiveCfg = Release|Any CPU
		{43778D36-A09F-4741-8A11-B00FBE100435}.Release|x86.Build.0 = Release|Any CPU
		{5452A439-1226-40C8-BBDA-D9A0979D5EFB}.Debug|Any CPU.ActiveCfg = Debug|Any CPU
		{5452A439-1226-40C8-BBDA-D9A0979D5EFB}.Debug|Any CPU.Build.0 = Debug|Any CPU
		{5452A439-1226-40C8-BBDA-D9A0979D5EFB}.Debug|x64.ActiveCfg = Debug|Any CPU
		{5452A439-1226-40C8-BBDA-D9A0979D5EFB}.Debug|x64.Build.0 = Debug|Any CPU
		{5452A439-1226-40C8-BBDA-D9A0979D5EFB}.Debug|x86.ActiveCfg = Debug|Any CPU
		{5452A439-1226-40C8-BBDA-D9A0979D5EFB}.Debug|x86.Build.0 = Debug|Any CPU
		{5452A439-1226-40C8-BBDA-D9A0979D5EFB}.Release|Any CPU.ActiveCfg = Release|Any CPU
		{5452A439-1226-40C8-BBDA-D9A0979D5EFB}.Release|Any CPU.Build.0 = Release|Any CPU
		{5452A439-1226-40C8-BBDA-D9A0979D5EFB}.Release|x64.ActiveCfg = Release|Any CPU
		{5452A439-1226-40C8-BBDA-D9A0979D5EFB}.Release|x64.Build.0 = Release|Any CPU
		{5452A439-1226-40C8-BBDA-D9A0979D5EFB}.Release|x86.ActiveCfg = Release|Any CPU
		{5452A439-1226-40C8-BBDA-D9A0979D5EFB}.Release|x86.Build.0 = Release|Any CPU
		{A7038E4F-6C07-4105-809E-B2A6AB2A111B}.Debug|Any CPU.ActiveCfg = Debug|Any CPU
		{A7038E4F-6C07-4105-809E-B2A6AB2A111B}.Debug|Any CPU.Build.0 = Debug|Any CPU
		{A7038E4F-6C07-4105-809E-B2A6AB2A111B}.Debug|x64.ActiveCfg = Debug|Any CPU
		{A7038E4F-6C07-4105-809E-B2A6AB2A111B}.Debug|x64.Build.0 = Debug|Any CPU
		{A7038E4F-6C07-4105-809E-B2A6AB2A111B}.Debug|x86.ActiveCfg = Debug|Any CPU
		{A7038E4F-6C07-4105-809E-B2A6AB2A111B}.Debug|x86.Build.0 = Debug|Any CPU
		{A7038E4F-6C07-4105-809E-B2A6AB2A111B}.Release|Any CPU.ActiveCfg = Release|Any CPU
		{A7038E4F-6C07-4105-809E-B2A6AB2A111B}.Release|Any CPU.Build.0 = Release|Any CPU
		{A7038E4F-6C07-4105-809E-B2A6AB2A111B}.Release|x64.ActiveCfg = Release|Any CPU
		{A7038E4F-6C07-4105-809E-B2A6AB2A111B}.Release|x64.Build.0 = Release|Any CPU
		{A7038E4F-6C07-4105-809E-B2A6AB2A111B}.Release|x86.ActiveCfg = Release|Any CPU
		{A7038E4F-6C07-4105-809E-B2A6AB2A111B}.Release|x86.Build.0 = Release|Any CPU
		{34DA836D-8F85-469A-BF7A-55F22BB1FB4A}.Debug|Any CPU.ActiveCfg = Debug|Any CPU
		{34DA836D-8F85-469A-BF7A-55F22BB1FB4A}.Debug|Any CPU.Build.0 = Debug|Any CPU
		{34DA836D-8F85-469A-BF7A-55F22BB1FB4A}.Debug|x64.ActiveCfg = Debug|Any CPU
		{34DA836D-8F85-469A-BF7A-55F22BB1FB4A}.Debug|x64.Build.0 = Debug|Any CPU
		{34DA836D-8F85-469A-BF7A-55F22BB1FB4A}.Debug|x86.ActiveCfg = Debug|Any CPU
		{34DA836D-8F85-469A-BF7A-55F22BB1FB4A}.Debug|x86.Build.0 = Debug|Any CPU
		{34DA836D-8F85-469A-BF7A-55F22BB1FB4A}.Release|Any CPU.ActiveCfg = Release|Any CPU
		{34DA836D-8F85-469A-BF7A-55F22BB1FB4A}.Release|Any CPU.Build.0 = Release|Any CPU
		{34DA836D-8F85-469A-BF7A-55F22BB1FB4A}.Release|x64.ActiveCfg = Release|Any CPU
		{34DA836D-8F85-469A-BF7A-55F22BB1FB4A}.Release|x64.Build.0 = Release|Any CPU
		{34DA836D-8F85-469A-BF7A-55F22BB1FB4A}.Release|x86.ActiveCfg = Release|Any CPU
		{34DA836D-8F85-469A-BF7A-55F22BB1FB4A}.Release|x86.Build.0 = Release|Any CPU
		{276763BD-27E9-4E7A-B9BB-9DB0252333C2}.Debug|Any CPU.ActiveCfg = Debug|Any CPU
		{276763BD-27E9-4E7A-B9BB-9DB0252333C2}.Debug|Any CPU.Build.0 = Debug|Any CPU
		{276763BD-27E9-4E7A-B9BB-9DB0252333C2}.Debug|x64.ActiveCfg = Debug|Any CPU
		{276763BD-27E9-4E7A-B9BB-9DB0252333C2}.Debug|x64.Build.0 = Debug|Any CPU
		{276763BD-27E9-4E7A-B9BB-9DB0252333C2}.Debug|x86.ActiveCfg = Debug|Any CPU
		{276763BD-27E9-4E7A-B9BB-9DB0252333C2}.Debug|x86.Build.0 = Debug|Any CPU
		{276763BD-27E9-4E7A-B9BB-9DB0252333C2}.Release|Any CPU.ActiveCfg = Release|Any CPU
		{276763BD-27E9-4E7A-B9BB-9DB0252333C2}.Release|Any CPU.Build.0 = Release|Any CPU
		{276763BD-27E9-4E7A-B9BB-9DB0252333C2}.Release|x64.ActiveCfg = Release|Any CPU
		{276763BD-27E9-4E7A-B9BB-9DB0252333C2}.Release|x64.Build.0 = Release|Any CPU
		{276763BD-27E9-4E7A-B9BB-9DB0252333C2}.Release|x86.ActiveCfg = Release|Any CPU
		{276763BD-27E9-4E7A-B9BB-9DB0252333C2}.Release|x86.Build.0 = Release|Any CPU
	EndGlobalSection
	GlobalSection(SolutionProperties) = preSolution
		HideSolutionNode = FALSE
	EndGlobalSection
	GlobalSection(NestedProjects) = preSolution
		{728CE373-D992-4B7A-B1A2-2C8CE09BCED8} = {827E0CD3-B72D-47B6-A68D-7590B98EB39B}
		{A7029DAC-03AC-470B-B3B5-9BD9C691E898} = {827E0CD3-B72D-47B6-A68D-7590B98EB39B}
		{2F988DB2-208F-4A13-97B4-E9ED3474A796} = {827E0CD3-B72D-47B6-A68D-7590B98EB39B}
		{28EB9E7B-E14B-4C98-BD2D-E39A6FB1A49C} = {827E0CD3-B72D-47B6-A68D-7590B98EB39B}
		{43778D36-A09F-4741-8A11-B00FBE100435} = {827E0CD3-B72D-47B6-A68D-7590B98EB39B}
		{5452A439-1226-40C8-BBDA-D9A0979D5EFB} = {0AB3BF05-4346-4AA6-1389-037BE0695223}
		{A7038E4F-6C07-4105-809E-B2A6AB2A111B} = {0AB3BF05-4346-4AA6-1389-037BE0695223}
		{34DA836D-8F85-469A-BF7A-55F22BB1FB4A} = {0AB3BF05-4346-4AA6-1389-037BE0695223}
		{276763BD-27E9-4E7A-B9BB-9DB0252333C2} = {0AB3BF05-4346-4AA6-1389-037BE0695223}
	EndGlobalSection
EndGlobal
